
Microsoft Visual Studio Solution File, Format Version 12.00
Project("{FAE04EC0-301F-11D3-BF4B-00C04F79EFBC}") = "LinkedLists", "LinkedLists\LinkedLists.csproj", "{BC8E126C-BF68-4CDE-B571-A0CD725E458A}"
EndProject
Project("{FAE04EC0-301F-11D3-BF4B-00C04F79EFBC}") = "Lib", "Lib\Lib.csproj", "{2EA46A62-7E93-42EC-BA97-2442B2F10F7B}"
EndProject
Global
	GlobalSection(SolutionConfigurationPlatforms) = preSolution
		Debug|Any CPU = Debug|Any CPU
		Release|Any CPU = Release|Any CPU
	EndGlobalSection
	GlobalSection(ProjectConfigurationPlatforms) = postSolution
		{BC8E126C-BF68-4CDE-B571-A0CD725E458A}.Debug|Any CPU.ActiveCfg = Debug|Any CPU
		{BC8E126C-BF68-4CDE-B571-A0CD725E458A}.Debug|Any CPU.Build.0 = Debug|Any CPU
		{BC8E126C-BF68-4CDE-B571-A0CD725E458A}.Release|Any CPU.ActiveCfg = Release|Any CPU
		{BC8E126C-BF68-4CDE-B571-A0CD725E458A}.Release|Any CPU.Build.0 = Release|Any CPU
		{2EA46A62-7E93-42EC-BA97-2442B2F10F7B}.Debug|Any CPU.ActiveCfg = Debug|Any CPU
		{2EA46A62-7E93-42EC-BA97-2442B2F10F7B}.Debug|Any CPU.Build.0 = Debug|Any CPU
		{2EA46A62-7E93-42EC-BA97-2442B2F10F7B}.Release|Any CPU.ActiveCfg = Release|Any CPU
		{2EA46A62-7E93-42EC-BA97-2442B2F10F7B}.Release|Any CPU.Build.0 = Release|Any CPU
	EndGlobalSection
EndGlobal
